
Microsoft Visual Studio Solution File, Format Version 12.00
# Visual Studio 15
VisualStudioVersion = 15.0.27703.2047
MinimumVisualStudioVersion = 10.0.40219.1
Project("{F184B08F-C81C-45F6-A57F-5ABD9991F28F}") = "lab1", "lab1\lab1.vbproj", "{A575E3B1-4F14-4E57-9E58-459C2284933E}"
EndProject
Global
	GlobalSection(SolutionConfigurationPlatforms) = preSolution
		Debug|Any CPU = Debug|Any CPU
		Release|Any CPU = Release|Any CPU
	EndGlobalSection
	GlobalSection(ProjectConfigurationPlatforms) = postSolution
		{A575E3B1-4F14-4E57-9E58-459C2284933E}.Debug|Any CPU.ActiveCfg = Debug|Any CPU
		{A575E3B1-4F14-4E57-9E58-459C2284933E}.Debug|Any CPU.Build.0 = Debug|Any CPU
		{A575E3B1-4F14-4E57-9E58-459C2284933E}.Release|Any CPU.ActiveCfg = Release|Any CPU
		{A575E3B1-4F14-4E57-9E58-459C2284933E}.Release|Any CPU.Build.0 = Release|Any CPU
	EndGlobalSection
	GlobalSection(SolutionProperties) = preSolution
		HideSolutionNode = FALSE
	EndGlobalSection
	GlobalSection(ExtensibilityGlobals) = postSolution
		SolutionGuid = {E2A64403-A841-4B81-9CBA-1E73A74190C2}
	EndGlobalSection
EndGlobal
